// !$*UTF8*$!
{
	archiveVersion = 1;
	classes = {
	};
	objectVersion = 50;
	objects = {

/* Begin PBXBuildFile section */
		46198D9F207F0235009AEE9B /* AppDelegate.swift in Sources */ = {isa = PBXBuildFile; fileRef = 46198D9E207F0235009AEE9B /* AppDelegate.swift */; };
		46198DA6207F0238009AEE9B /* Assets.xcassets in Resources */ = {isa = PBXBuildFile; fileRef = 46198DA5207F0238009AEE9B /* Assets.xcassets */; };
		46198DA9207F0238009AEE9B /* LaunchScreen.storyboard in Resources */ = {isa = PBXBuildFile; fileRef = 46198DA7207F0238009AEE9B /* LaunchScreen.storyboard */; };
		46198DB6207F15E1009AEE9B /* Card.swift in Sources */ = {isa = PBXBuildFile; fileRef = 46198DB5207F15E1009AEE9B /* Card.swift */; };
		46198DB8207F17D3009AEE9B /* Deck.swift in Sources */ = {isa = PBXBuildFile; fileRef = 46198DB7207F17D3009AEE9B /* Deck.swift */; };
		46198DBA207F1A41009AEE9B /* Result.swift in Sources */ = {isa = PBXBuildFile; fileRef = 46198DB9207F1A41009AEE9B /* Result.swift */; };
		46198DBC207F1AB4009AEE9B /* Gettable.swift in Sources */ = {isa = PBXBuildFile; fileRef = 46198DBB207F1AB4009AEE9B /* Gettable.swift */; };
		46198DBE207F1B03009AEE9B /* Service.swift in Sources */ = {isa = PBXBuildFile; fileRef = 46198DBD207F1B03009AEE9B /* Service.swift */; };
		46198DC0207F1E69009AEE9B /* DeckService.swift in Sources */ = {isa = PBXBuildFile; fileRef = 46198DBF207F1E69009AEE9B /* DeckService.swift */; };
		46198DC2207F2407009AEE9B /* DeckServerResponse.swift in Sources */ = {isa = PBXBuildFile; fileRef = 46198DC1207F2407009AEE9B /* DeckServerResponse.swift */; };
		46198DC6207F290D009AEE9B /* GetDeckService.swift in Sources */ = {isa = PBXBuildFile; fileRef = 46198DC5207F290D009AEE9B /* GetDeckService.swift */; };
/* End PBXBuildFile section */

/* Begin PBXFileReference section */
		46198D9B207F0235009AEE9B /* CardSharkiOS.app */ = {isa = PBXFileReference; explicitFileType = wrapper.application; includeInIndex = 0; path = CardSharkiOS.app; sourceTree = BUILT_PRODUCTS_DIR; };
		46198D9E207F0235009AEE9B /* AppDelegate.swift */ = {isa = PBXFileReference; lastKnownFileType = sourcecode.swift; path = AppDelegate.swift; sourceTree = "<group>"; };
		46198DA5207F0238009AEE9B /* Assets.xcassets */ = {isa = PBXFileReference; lastKnownFileType = folder.assetcatalog; path = Assets.xcassets; sourceTree = "<group>"; };
		46198DA8207F0238009AEE9B /* Base */ = {isa = PBXFileReference; lastKnownFileType = file.storyboard; name = Base; path = Base.lproj/LaunchScreen.storyboard; sourceTree = "<group>"; };
		46198DAA207F0238009AEE9B /* Info.plist */ = {isa = PBXFileReference; lastKnownFileType = text.plist.xml; path = Info.plist; sourceTree = "<group>"; };
		46198DB5207F15E1009AEE9B /* Card.swift */ = {isa = PBXFileReference; lastKnownFileType = sourcecode.swift; path = Card.swift; sourceTree = "<group>"; };
		46198DB7207F17D3009AEE9B /* Deck.swift */ = {isa = PBXFileReference; lastKnownFileType = sourcecode.swift; path = Deck.swift; sourceTree = "<group>"; };
		46198DB9207F1A41009AEE9B /* Result.swift */ = {isa = PBXFileReference; lastKnownFileType = sourcecode.swift; path = Result.swift; sourceTree = "<group>"; };
		46198DBB207F1AB4009AEE9B /* Gettable.swift */ = {isa = PBXFileReference; lastKnownFileType = sourcecode.swift; path = Gettable.swift; sourceTree = "<group>"; };
		46198DBD207F1B03009AEE9B /* Service.swift */ = {isa = PBXFileReference; lastKnownFileType = sourcecode.swift; path = Service.swift; sourceTree = "<group>"; };
		46198DBF207F1E69009AEE9B /* DeckService.swift */ = {isa = PBXFileReference; lastKnownFileType = sourcecode.swift; path = DeckService.swift; sourceTree = "<group>"; };
		46198DC1207F2407009AEE9B /* DeckServerResponse.swift */ = {isa = PBXFileReference; lastKnownFileType = sourcecode.swift; path = DeckServerResponse.swift; sourceTree = "<group>"; };
		46198DC5207F290D009AEE9B /* GetDeckService.swift */ = {isa = PBXFileReference; lastKnownFileType = sourcecode.swift; path = GetDeckService.swift; sourceTree = "<group>"; };
/* End PBXFileReference section */

/* Begin PBXFrameworksBuildPhase section */
		46198D98207F0235009AEE9B /* Frameworks */ = {
			isa = PBXFrameworksBuildPhase;
			buildActionMask = 2147483647;
			files = (
			);
			runOnlyForDeploymentPostprocessing = 0;
		};
/* End PBXFrameworksBuildPhase section */

/* Begin PBXGroup section */
		46198D92207F0235009AEE9B = {
			isa = PBXGroup;
			children = (
				46198D9D207F0235009AEE9B /* CardSharkiOS */,
				46198D9C207F0235009AEE9B /* Products */,
			);
			sourceTree = "<group>";
		};
		46198D9C207F0235009AEE9B /* Products */ = {
			isa = PBXGroup;
			children = (
				46198D9B207F0235009AEE9B /* CardSharkiOS.app */,
			);
			name = Products;
			sourceTree = "<group>";
		};
		46198D9D207F0235009AEE9B /* CardSharkiOS */ = {
			isa = PBXGroup;
			children = (
				46198D9E207F0235009AEE9B /* AppDelegate.swift */,
				46198DB4207F0268009AEE9B /* Networking */,
				46198DB3207F0261009AEE9B /* Views */,
				46198DB2207F025D009AEE9B /* Models */,
				46198DB1207F0256009AEE9B /* ViewControllers */,
				46198DB0207F0250009AEE9B /* Resources */,
			);
			path = CardSharkiOS;
			sourceTree = "<group>";
		};
		46198DB0207F0250009AEE9B /* Resources */ = {
			isa = PBXGroup;
			children = (
				46198DA5207F0238009AEE9B /* Assets.xcassets */,
				46198DA7207F0238009AEE9B /* LaunchScreen.storyboard */,
				46198DAA207F0238009AEE9B /* Info.plist */,
			);
			path = Resources;
			sourceTree = "<group>";
		};
		46198DB1207F0256009AEE9B /* ViewControllers */ = {
			isa = PBXGroup;
			children = (
			);
			path = ViewControllers;
			sourceTree = "<group>";
		};
		46198DB2207F025D009AEE9B /* Models */ = {
			isa = PBXGroup;
			children = (
				46198DB5207F15E1009AEE9B /* Card.swift */,
				46198DB7207F17D3009AEE9B /* Deck.swift */,
				46198DC1207F2407009AEE9B /* DeckServerResponse.swift */,
			);
			path = Models;
			sourceTree = "<group>";
		};
		46198DB3207F0261009AEE9B /* Views */ = {
			isa = PBXGroup;
			children = (
			);
			path = Views;
			sourceTree = "<group>";
		};
		46198DB4207F0268009AEE9B /* Networking */ = {
			isa = PBXGroup;
			children = (
				46198DB9207F1A41009AEE9B /* Result.swift */,
				46198DBB207F1AB4009AEE9B /* Gettable.swift */,
				46198DBD207F1B03009AEE9B /* Service.swift */,
				46198DBF207F1E69009AEE9B /* DeckService.swift */,
				46198DC5207F290D009AEE9B /* GetDeckService.swift */,
			);
			path = Networking;
			sourceTree = "<group>";
		};
/* End PBXGroup section */

/* Begin PBXNativeTarget section */
		46198D9A207F0235009AEE9B /* CardSharkiOS */ = {
			isa = PBXNativeTarget;
			buildConfigurationList = 46198DAD207F0238009AEE9B /* Build configuration list for PBXNativeTarget "CardSharkiOS" */;
			buildPhases = (
				46198D97207F0235009AEE9B /* Sources */,
				46198D98207F0235009AEE9B /* Frameworks */,
				46198D99207F0235009AEE9B /* Resources */,
			);
			buildRules = (
			);
			dependencies = (
			);
			name = CardSharkiOS;
			productName = CardSharkiOS;
			productReference = 46198D9B207F0235009AEE9B /* CardSharkiOS.app */;
			productType = "com.apple.product-type.application";
		};
/* End PBXNativeTarget section */

/* Begin PBXProject section */
		46198D93207F0235009AEE9B /* Project object */ = {
			isa = PBXProject;
			attributes = {
				LastSwiftUpdateCheck = 0930;
				LastUpgradeCheck = 0930;
				TargetAttributes = {
					46198D9A207F0235009AEE9B = {
						CreatedOnToolsVersion = 9.3;
					};
				};
			};
			buildConfigurationList = 46198D96207F0235009AEE9B /* Build configuration list for PBXProject "CardSharkiOS" */;
			compatibilityVersion = "Xcode 9.3";
			developmentRegion = en;
			hasScannedForEncodings = 0;
			knownRegions = (
				en,
				Base,
			);
			mainGroup = 46198D92207F0235009AEE9B;
			productRefGroup = 46198D9C207F0235009AEE9B /* Products */;
			projectDirPath = "";
			projectRoot = "";
			targets = (
				46198D9A207F0235009AEE9B /* CardSharkiOS */,
			);
		};
/* End PBXProject section */

/* Begin PBXResourcesBuildPhase section */
		46198D99207F0235009AEE9B /* Resources */ = {
			isa = PBXResourcesBuildPhase;
			buildActionMask = 2147483647;
			files = (
				46198DA9207F0238009AEE9B /* LaunchScreen.storyboard in Resources */,
				46198DA6207F0238009AEE9B /* Assets.xcassets in Resources */,
			);
			runOnlyForDeploymentPostprocessing = 0;
		};
/* End PBXResourcesBuildPhase section */

/* Begin PBXSourcesBuildPhase section */
		46198D97207F0235009AEE9B /* Sources */ = {
			isa = PBXSourcesBuildPhase;
			buildActionMask = 2147483647;
			files = (
				46198DB8207F17D3009AEE9B /* Deck.swift in Sources */,
				46198DC2207F2407009AEE9B /* DeckServerResponse.swift in Sources */,
				46198DC0207F1E69009AEE9B /* DeckService.swift in Sources */,
				46198DC6207F290D009AEE9B /* GetDeckService.swift in Sources */,
				46198D9F207F0235009AEE9B /* AppDelegate.swift in Sources */,
				46198DBA207F1A41009AEE9B /* Result.swift in Sources */,
				46198DBC207F1AB4009AEE9B /* Gettable.swift in Sources */,
				46198DB6207F15E1009AEE9B /* Card.swift in Sources */,
				46198DBE207F1B03009AEE9B /* Service.swift in Sources */,
			);
			runOnlyForDeploymentPostprocessing = 0;
		};
/* End PBXSourcesBuildPhase section */

/* Begin PBXVariantGroup section */
		46198DA7207F0238009AEE9B /* LaunchScreen.storyboard */ = {
			isa = PBXVariantGroup;
			children = (
				46198DA8207F0238009AEE9B /* Base */,
			);
			name = LaunchScreen.storyboard;
			sourceTree = "<group>";
		};
/* End PBXVariantGroup section */

/* Begin XCBuildConfiguration section */
		46198DAB207F0238009AEE9B /* Debug */ = {
			isa = XCBuildConfiguration;
			buildSettings = {
				ALWAYS_SEARCH_USER_PATHS = NO;
				CLANG_ANALYZER_NONNULL = YES;
				CLANG_ANALYZER_NUMBER_OBJECT_CONVERSION = YES_AGGRESSIVE;
				CLANG_CXX_LANGUAGE_STANDARD = "gnu++14";
				CLANG_CXX_LIBRARY = "libc++";
				CLANG_ENABLE_MODULES = YES;
				CLANG_ENABLE_OBJC_ARC = YES;
				CLANG_ENABLE_OBJC_WEAK = YES;
				CLANG_WARN_BLOCK_CAPTURE_AUTORELEASING = YES;
				CLANG_WARN_BOOL_CONVERSION = YES;
				CLANG_WARN_COMMA = YES;
				CLANG_WARN_CONSTANT_CONVERSION = YES;
				CLANG_WARN_DEPRECATED_OBJC_IMPLEMENTATIONS = YES;
				CLANG_WARN_DIRECT_OBJC_ISA_USAGE = YES_ERROR;
				CLANG_WARN_DOCUMENTATION_COMMENTS = YES;
				CLANG_WARN_EMPTY_BODY = YES;
				CLANG_WARN_ENUM_CONVERSION = YES;
				CLANG_WARN_INFINITE_RECURSION = YES;
				CLANG_WARN_INT_CONVERSION = YES;
				CLANG_WARN_NON_LITERAL_NULL_CONVERSION = YES;
				CLANG_WARN_OBJC_IMPLICIT_RETAIN_SELF = YES;
				CLANG_WARN_OBJC_LITERAL_CONVERSION = YES;
				CLANG_WARN_OBJC_ROOT_CLASS = YES_ERROR;
				CLANG_WARN_RANGE_LOOP_ANALYSIS = YES;
				CLANG_WARN_STRICT_PROTOTYPES = YES;
				CLANG_WARN_SUSPICIOUS_MOVE = YES;
				CLANG_WARN_UNGUARDED_AVAILABILITY = YES_AGGRESSIVE;
				CLANG_WARN_UNREACHABLE_CODE = YES;
				CLANG_WARN__DUPLICATE_METHOD_MATCH = YES;
				CODE_SIGN_IDENTITY = "iPhone Developer";
				COPY_PHASE_STRIP = NO;
				DEBUG_INFORMATION_FORMAT = dwarf;
				ENABLE_STRICT_OBJC_MSGSEND = YES;
				ENABLE_TESTABILITY = YES;
				GCC_C_LANGUAGE_STANDARD = gnu11;
				GCC_DYNAMIC_NO_PIC = NO;
				GCC_NO_COMMON_BLOCKS = YES;
				GCC_OPTIMIZATION_LEVEL = 0;
				GCC_PREPROCESSOR_DEFINITIONS = (
					"DEBUG=1",
					"$(inherited)",
				);
				GCC_WARN_64_TO_32_BIT_CONVERSION = YES;
				GCC_WARN_ABOUT_RETURN_TYPE = YES_ERROR;
				GCC_WARN_UNDECLARED_SELECTOR = YES;
				GCC_WARN_UNINITIALIZED_AUTOS = YES_AGGRESSIVE;
				GCC_WARN_UNUSED_FUNCTION = YES;
				GCC_WARN_UNUSED_VARIABLE = YES;
				IPHONEOS_DEPLOYMENT_TARGET = 11.3;
				MTL_ENABLE_DEBUG_INFO = YES;
				ONLY_ACTIVE_ARCH = YES;
				SDKROOT = iphoneos;
				SWIFT_ACTIVE_COMPILATION_CONDITIONS = DEBUG;
				SWIFT_OPTIMIZATION_LEVEL = "-Onone";
			};
			name = Debug;
		};
		46198DAC207F0238009AEE9B /* Release */ = {
			isa = XCBuildConfiguration;
			buildSettings = {
				ALWAYS_SEARCH_USER_PATHS = NO;
				CLANG_ANALYZER_NONNULL = YES;
				CLANG_ANALYZER_NUMBER_OBJECT_CONVERSION = YES_AGGRESSIVE;
				CLANG_CXX_LANGUAGE_STANDARD = "gnu++14";
				CLANG_CXX_LIBRARY = "libc++";
				CLANG_ENABLE_MODULES = YES;
				CLANG_ENABLE_OBJC_ARC = YES;
				CLANG_ENABLE_OBJC_WEAK = YES;
				CLANG_WARN_BLOCK_CAPTURE_AUTORELEASING = YES;
				CLANG_WARN_BOOL_CONVERSION = YES;
				CLANG_WARN_COMMA = YES;
				CLANG_WARN_CONSTANT_CONVERSION = YES;
				CLANG_WARN_DEPRECATED_OBJC_IMPLEMENTATIONS = YES;
				CLANG_WARN_DIRECT_OBJC_ISA_USAGE = YES_ERROR;
				CLANG_WARN_DOCUMENTATION_COMMENTS = YES;
				CLANG_WARN_EMPTY_BODY = YES;
				CLANG_WARN_ENUM_CONVERSION = YES;
				CLANG_WARN_INFINITE_RECURSION = YES;
				CLANG_WARN_INT_CONVERSION = YES;
				CLANG_WARN_NON_LITERAL_NULL_CONVERSION = YES;
				CLANG_WARN_OBJC_IMPLICIT_RETAIN_SELF = YES;
				CLANG_WARN_OBJC_LITERAL_CONVERSION = YES;
				CLANG_WARN_OBJC_ROOT_CLASS = YES_ERROR;
				CLANG_WARN_RANGE_LOOP_ANALYSIS = YES;
				CLANG_WARN_STRICT_PROTOTYPES = YES;
				CLANG_WARN_SUSPICIOUS_MOVE = YES;
				CLANG_WARN_UNGUARDED_AVAILABILITY = YES_AGGRESSIVE;
				CLANG_WARN_UNREACHABLE_CODE = YES;
				CLANG_WARN__DUPLICATE_METHOD_MATCH = YES;
				CODE_SIGN_IDENTITY = "iPhone Developer";
				COPY_PHASE_STRIP = NO;
				DEBUG_INFORMATION_FORMAT = "dwarf-with-dsym";
				ENABLE_NS_ASSERTIONS = NO;
				ENABLE_STRICT_OBJC_MSGSEND = YES;
				GCC_C_LANGUAGE_STANDARD = gnu11;
				GCC_NO_COMMON_BLOCKS = YES;
				GCC_WARN_64_TO_32_BIT_CONVERSION = YES;
				GCC_WARN_ABOUT_RETURN_TYPE = YES_ERROR;
				GCC_WARN_UNDECLARED_SELECTOR = YES;
				GCC_WARN_UNINITIALIZED_AUTOS = YES_AGGRESSIVE;
				GCC_WARN_UNUSED_FUNCTION = YES;
				GCC_WARN_UNUSED_VARIABLE = YES;
				IPHONEOS_DEPLOYMENT_TARGET = 11.3;
				MTL_ENABLE_DEBUG_INFO = NO;
				SDKROOT = iphoneos;
				SWIFT_COMPILATION_MODE = wholemodule;
				SWIFT_OPTIMIZATION_LEVEL = "-O";
				VALIDATE_PRODUCT = YES;
			};
			name = Release;
		};
		46198DAE207F0238009AEE9B /* Debug */ = {
			isa = XCBuildConfiguration;
			buildSettings = {
				ASSETCATALOG_COMPILER_APPICON_NAME = AppIcon;
				CODE_SIGN_STYLE = Automatic;
				DEVELOPMENT_TEAM = "";
				INFOPLIST_FILE = "$(SRCROOT)/CardSharkiOS/Resources/Info.plist";
				LD_RUNPATH_SEARCH_PATHS = (
					"$(inherited)",
					"@executable_path/Frameworks",
				);
				PRODUCT_BUNDLE_IDENTIFIER = com.kennyDang.CardSharkiOS;
				PRODUCT_NAME = "$(TARGET_NAME)";
				SWIFT_VERSION = 4.0;
				TARGETED_DEVICE_FAMILY = "1,2";
			};
			name = Debug;
		};
		46198DAF207F0238009AEE9B /* Release */ = {
			isa = XCBuildConfiguration;
			buildSettings = {
				ASSETCATALOG_COMPILER_APPICON_NAME = AppIcon;
				CODE_SIGN_STYLE = Automatic;
				DEVELOPMENT_TEAM = "";
				INFOPLIST_FILE = "$(SRCROOT)/CardSharkiOS/Resources/Info.plist";
				LD_RUNPATH_SEARCH_PATHS = (
					"$(inherited)",
					"@executable_path/Frameworks",
				);
				PRODUCT_BUNDLE_IDENTIFIER = com.kennyDang.CardSharkiOS;
				PRODUCT_NAME = "$(TARGET_NAME)";
				SWIFT_VERSION = 4.0;
				TARGETED_DEVICE_FAMILY = "1,2";
			};
			name = Release;
		};
/* End XCBuildConfiguration section */

/* Begin XCConfigurationList section */
		46198D96207F0235009AEE9B /* Build configuration list for PBXProject "CardSharkiOS" */ = {
			isa = XCConfigurationList;
			buildConfigurations = (
				46198DAB207F0238009AEE9B /* Debug */,
				46198DAC207F0238009AEE9B /* Release */,
			);
			defaultConfigurationIsVisible = 0;
			defaultConfigurationName = Release;
		};
		46198DAD207F0238009AEE9B /* Build configuration list for PBXNativeTarget "CardSharkiOS" */ = {
			isa = XCConfigurationList;
			buildConfigurations = (
				46198DAE207F0238009AEE9B /* Debug */,
				46198DAF207F0238009AEE9B /* Release */,
			);
			defaultConfigurationIsVisible = 0;
			defaultConfigurationName = Release;
		};
/* End XCConfigurationList section */
	};
	rootObject = 46198D93207F0235009AEE9B /* Project object */;
}
